
Microsoft Visual Studio Solution File, Format Version 12.00
# Visual Studio Version 17
VisualStudioVersion = 17.0.32014.148
MinimumVisualStudioVersion = 10.0.40219.1
Project("{FAE04EC0-301F-11D3-BF4B-00C04F79EFBC}") = "frist project", "frist project.csproj", "{14F64B34-3A32-4A45-AF67-FAC739B2F216}"
EndProject
Global
	GlobalSection(SolutionConfigurationPlatforms) = preSolution
		Debug|Any CPU = Debug|Any CPU
		Release|Any CPU = Release|Any CPU
	EndGlobalSection
	GlobalSection(ProjectConfigurationPlatforms) = postSolution
		{14F64B34-3A32-4A45-AF67-FAC739B2F216}.Debug|Any CPU.ActiveCfg = Debug|Any CPU
		{14F64B34-3A32-4A45-AF67-FAC739B2F216}.Debug|Any CPU.Build.0 = Debug|Any CPU
		{14F64B34-3A32-4A45-AF67-FAC739B2F216}.Release|Any CPU.ActiveCfg = Release|Any CPU
		{14F64B34-3A32-4A45-AF67-FAC739B2F216}.Release|Any CPU.Build.0 = Release|Any CPU
	EndGlobalSection
	GlobalSection(SolutionProperties) = preSolution
		HideSolutionNode = FALSE
	EndGlobalSection
	GlobalSection(ExtensibilityGlobals) = postSolution
		SolutionGuid = {D9307984-31DD-41FD-B5AA-B78F2A0D132D}
	EndGlobalSection
EndGlobal
